
Microsoft Visual Studio Solution File, Format Version 12.00
# Visual Studio Version 17
VisualStudioVersion = 17.10.35122.118
MinimumVisualStudioVersion = 10.0.40219.1
Project("{FAE04EC0-301F-11D3-BF4B-00C04F79EFBC}") = "MVVM_Template", "MVVM_Template\MVVM_Template.csproj", "{CF339755-A60B-4ECB-839A-B754D6F0011B}"
EndProject
Global
	GlobalSection(SolutionConfigurationPlatforms) = preSolution
		Debug|Any CPU = Debug|Any CPU
		Release|Any CPU = Release|Any CPU
	EndGlobalSection
	GlobalSection(ProjectConfigurationPlatforms) = postSolution
		{CF339755-A60B-4ECB-839A-B754D6F0011B}.Debug|Any CPU.ActiveCfg = Debug|Any CPU
		{CF339755-A60B-4ECB-839A-B754D6F0011B}.Debug|Any CPU.Build.0 = Debug|Any CPU
		{CF339755-A60B-4ECB-839A-B754D6F0011B}.Release|Any CPU.ActiveCfg = Release|Any CPU
		{CF339755-A60B-4ECB-839A-B754D6F0011B}.Release|Any CPU.Build.0 = Release|Any CPU
	EndGlobalSection
	GlobalSection(SolutionProperties) = preSolution
		HideSolutionNode = FALSE
	EndGlobalSection
	GlobalSection(ExtensibilityGlobals) = postSolution
		SolutionGuid = {11780DA8-E50B-4CA8-AF5C-7078675CB0C1}
	EndGlobalSection
EndGlobal
